
Microsoft Visual Studio Solution File, Format Version 12.00
# Visual Studio Version 17
VisualStudioVersion = 17.1.32228.430
MinimumVisualStudioVersion = 10.0.40219.1
Project("{FAE04EC0-301F-11D3-BF4B-00C04F79EFBC}") = "FetchAPI", "FetchAPI\FetchAPI.csproj", "{49CC2AC4-D166-47BE-BC68-0D5463CE89A7}"
EndProject
Global
	GlobalSection(SolutionConfigurationPlatforms) = preSolution
		Debug|Any CPU = Debug|Any CPU
		Release|Any CPU = Release|Any CPU
	EndGlobalSection
	GlobalSection(ProjectConfigurationPlatforms) = postSolution
		{49CC2AC4-D166-47BE-BC68-0D5463CE89A7}.Debug|Any CPU.ActiveCfg = Debug|Any CPU
		{49CC2AC4-D166-47BE-BC68-0D5463CE89A7}.Debug|Any CPU.Build.0 = Debug|Any CPU
		{49CC2AC4-D166-47BE-BC68-0D5463CE89A7}.Release|Any CPU.ActiveCfg = Release|Any CPU
		{49CC2AC4-D166-47BE-BC68-0D5463CE89A7}.Release|Any CPU.Build.0 = Release|Any CPU
	EndGlobalSection
	GlobalSection(SolutionProperties) = preSolution
		HideSolutionNode = FALSE
	EndGlobalSection
	GlobalSection(ExtensibilityGlobals) = postSolution
		SolutionGuid = {4B9C2FFF-9C1B-429F-89FB-8F618F223264}
	EndGlobalSection
EndGlobal
